PODS:
  - Flutter (1.0.0)
  - flutter_native_splash (2.4.3):
    - Flutter
  - onnxruntime-c (1.20.0)
  - onnxruntime-objc (1.20.0):
    - onnxruntime-objc/Core (= 1.20.0)
  - onnxruntime-objc/Core (1.20.0):
    - onnxruntime-c (= 1.20.0)

DEPENDENCIES:
  - Flutter (from `Flutter`)
  - flutter_native_splash (from `.symlinks/plugins/flutter_native_splash/ios`)
  - onnxruntime-objc

SPEC REPOS:
  trunk:
    - onnxruntime-c
    - onnxruntime-objc

EXTERNAL SOURCES:
  Flutter:
    :path: Flutter
  flutter_native_splash:
    :path: ".symlinks/plugins/flutter_native_splash/ios"

SPEC CHECKSUMS:
  Flutter: e0871f40cf51350855a761d2e70bf5af5b9b5de7
  flutter_native_splash: f71420956eb811e6d310720fee915f1d42852e7a
  onnxruntime-c: 07cfff40dda7e1c54a4350bb2ad226c63150fce3
  onnxruntime-objc: b22c5d4517e9804e47c66f1f122ec4a6aa923f86

PODFILE CHECKSUM: bb904827b3b4da40f085e9fda93fba3e1b314da9

COCOAPODS: 1.16.2
